
Microsoft Visual Studio Solution File, Format Version 12.00
# Visual Studio Version 17
VisualStudioVersion = 17.2.32526.322
MinimumVisualStudioVersion = 10.0.40219.1
Project("{FAE04EC0-301F-11D3-BF4B-00C04F79EFBC}") = "UniversityProject", "UniversityProject\UniversityProject.csproj", "{43D34FBD-3844-43EE-89A5-6225F81B8760}"
EndProject
Global
	GlobalSection(SolutionConfigurationPlatforms) = preSolution
		Debug|Any CPU = Debug|Any CPU
		Release|Any CPU = Release|Any CPU
	EndGlobalSection
	GlobalSection(ProjectConfigurationPlatforms) = postSolution
		{43D34FBD-3844-43EE-89A5-6225F81B8760}.Debug|Any CPU.ActiveCfg = Debug|Any CPU
		{43D34FBD-3844-43EE-89A5-6225F81B8760}.Debug|Any CPU.Build.0 = Debug|Any CPU
		{43D34FBD-3844-43EE-89A5-6225F81B8760}.Release|Any CPU.ActiveCfg = Release|Any CPU
		{43D34FBD-3844-43EE-89A5-6225F81B8760}.Release|Any CPU.Build.0 = Release|Any CPU
	EndGlobalSection
	GlobalSection(SolutionProperties) = preSolution
		HideSolutionNode = FALSE
	EndGlobalSection
	GlobalSection(ExtensibilityGlobals) = postSolution
		SolutionGuid = {3E332E2C-CD7E-4363-8EA1-378083A876AD}
	EndGlobalSection
EndGlobal
